
Microsoft Visual Studio Solution File, Format Version 12.00
Project("{2150E333-8FDC-42A3-9474-1A3956D46DE8}") = ".global", ".global", "{3B98DC79-7354-47DF-86DB-81B01E192BB8}"
ProjectSection(SolutionItems) = preProject
	..\exercises.yml = ..\exercises.yml
	..\.gitignore = ..\.gitignore
	..\README.md = ..\README.md
	paket.dependencies = paket.dependencies
EndProjectSection
EndProject
Project("{F2A71F9B-5D33-465A-A702-920D77279786}") = "RepsTabataGenerator", "RepsTabataGenerator\RepsTabataGenerator.fsproj", "{C3F2C398-C3D5-4D65-9AD6-3502D6EE5061}"
EndProject
Project("{F2A71F9B-5D33-465A-A702-920D77279786}") = "RepsTabataGenerator.Tests", "RepsTabataGenerator.Tests\RepsTabataGenerator.Tests.fsproj", "{EED7F767-E6BB-4253-814A-D164E71B9CC3}"
EndProject
Project("{FAE04EC0-301F-11D3-BF4B-00C04F79EFBC}") = "TabataGenerator.JsonModels", "TabataGenerator.JsonModels\TabataGenerator.JsonModels.csproj", "{754B2C87-CB36-442C-8305-0283B8C1F69E}"
EndProject
Project("{F2A71F9B-5D33-465A-A702-920D77279786}") = "TabataGenerator", "TabataGenerator\TabataGenerator.fsproj", "{98E88A67-1009-4B25-8597-822118E22BBD}"
EndProject
Global
	GlobalSection(SolutionConfigurationPlatforms) = preSolution
		Debug|Any CPU = Debug|Any CPU
		Release|Any CPU = Release|Any CPU
	EndGlobalSection
	GlobalSection(ProjectConfigurationPlatforms) = postSolution
		{C3F2C398-C3D5-4D65-9AD6-3502D6EE5061}.Debug|Any CPU.ActiveCfg = Debug|Any CPU
		{C3F2C398-C3D5-4D65-9AD6-3502D6EE5061}.Debug|Any CPU.Build.0 = Debug|Any CPU
		{C3F2C398-C3D5-4D65-9AD6-3502D6EE5061}.Release|Any CPU.ActiveCfg = Release|Any CPU
		{C3F2C398-C3D5-4D65-9AD6-3502D6EE5061}.Release|Any CPU.Build.0 = Release|Any CPU
		{EED7F767-E6BB-4253-814A-D164E71B9CC3}.Debug|Any CPU.ActiveCfg = Debug|Any CPU
		{EED7F767-E6BB-4253-814A-D164E71B9CC3}.Debug|Any CPU.Build.0 = Debug|Any CPU
		{EED7F767-E6BB-4253-814A-D164E71B9CC3}.Release|Any CPU.ActiveCfg = Release|Any CPU
		{EED7F767-E6BB-4253-814A-D164E71B9CC3}.Release|Any CPU.Build.0 = Release|Any CPU
		{754B2C87-CB36-442C-8305-0283B8C1F69E}.Debug|Any CPU.ActiveCfg = Debug|Any CPU
		{754B2C87-CB36-442C-8305-0283B8C1F69E}.Debug|Any CPU.Build.0 = Debug|Any CPU
		{754B2C87-CB36-442C-8305-0283B8C1F69E}.Release|Any CPU.ActiveCfg = Release|Any CPU
		{754B2C87-CB36-442C-8305-0283B8C1F69E}.Release|Any CPU.Build.0 = Release|Any CPU
		{98E88A67-1009-4B25-8597-822118E22BBD}.Debug|Any CPU.ActiveCfg = Debug|Any CPU
		{98E88A67-1009-4B25-8597-822118E22BBD}.Debug|Any CPU.Build.0 = Debug|Any CPU
		{98E88A67-1009-4B25-8597-822118E22BBD}.Release|Any CPU.ActiveCfg = Release|Any CPU
		{98E88A67-1009-4B25-8597-822118E22BBD}.Release|Any CPU.Build.0 = Release|Any CPU
	EndGlobalSection
EndGlobal
